// !$*UTF8*$!
{
	archiveVersion = 1;
	classes = {
	};
	objectVersion = 56;
	objects = {

/* Begin PBXBuildFile section */
		03EC8D7C2C4E00EF00FDB736 /* AppDelegate.swift in Sources */ = {isa = PBXBuildFile; fileRef = 03EC8D7B2C4E00EF00FDB736 /* AppDelegate.swift */; };
		03EC8D7E2C4E00EF00FDB736 /* SceneDelegate.swift in Sources */ = {isa = PBXBuildFile; fileRef = 03EC8D7D2C4E00EF00FDB736 /* SceneDelegate.swift */; };
		03EC8D802C4E00EF00FDB736 /* SplashScreenViewController.swift in Sources */ = {isa = PBXBuildFile; fileRef = 03EC8D7F2C4E00EF00FDB736 /* SplashScreenViewController.swift */; };
		03EC8D832C4E00EF00FDB736 /* Main.storyboard in Resources */ = {isa = PBXBuildFile; fileRef = 03EC8D812C4E00EF00FDB736 /* Main.storyboard */; };
		03EC8D852C4E00F100FDB736 /* Assets.xcassets in Resources */ = {isa = PBXBuildFile; fileRef = 03EC8D842C4E00F100FDB736 /* Assets.xcassets */; };
		03EC8D882C4E00F200FDB736 /* LaunchScreen.storyboard in Resources */ = {isa = PBXBuildFile; fileRef = 03EC8D862C4E00F200FDB736 /* LaunchScreen.storyboard */; };
		03EC8D962C4E085100FDB736 /* SplashScreenProtocols.swift in Sources */ = {isa = PBXBuildFile; fileRef = 03EC8D952C4E085100FDB736 /* SplashScreenProtocols.swift */; };
		03EC8D982C4E0A2D00FDB736 /* SplashScreenPresenter.swift in Sources */ = {isa = PBXBuildFile; fileRef = 03EC8D972C4E0A2D00FDB736 /* SplashScreenPresenter.swift */; };
		03EC8D9E2C4E0EDD00FDB736 /* Router.swift in Sources */ = {isa = PBXBuildFile; fileRef = 03EC8D9D2C4E0EDD00FDB736 /* Router.swift */; };
		03EC8DA02C4E1C0800FDB736 /* CitiesWeatherModel.swift in Sources */ = {isa = PBXBuildFile; fileRef = 03EC8D9F2C4E1C0800FDB736 /* CitiesWeatherModel.swift */; };
		03EC8DA32C4E1EE700FDB736 /* CityWeatherTableViewCell.swift in Sources */ = {isa = PBXBuildFile; fileRef = 03EC8DA12C4E1EE700FDB736 /* CityWeatherTableViewCell.swift */; };
		03EC8DA42C4E1EE700FDB736 /* CityWeatherTableViewCell.xib in Resources */ = {isa = PBXBuildFile; fileRef = 03EC8DA22C4E1EE700FDB736 /* CityWeatherTableViewCell.xib */; };
		03EC8DAA2C4E245000FDB736 /* NetworkService.swift in Sources */ = {isa = PBXBuildFile; fileRef = 03EC8DA92C4E245000FDB736 /* NetworkService.swift */; };
		03EC8DAC2C4E2CA600FDB736 /* CitiesScreenProtocols.swift in Sources */ = {isa = PBXBuildFile; fileRef = 03EC8DAB2C4E2CA600FDB736 /* CitiesScreenProtocols.swift */; };
		03EC8DAE2C4E31AA00FDB736 /* Presenter.swift in Sources */ = {isa = PBXBuildFile; fileRef = 03EC8DAD2C4E31AA00FDB736 /* Presenter.swift */; };
		03EC8DB02C4E32D700FDB736 /* Interactor.swift in Sources */ = {isa = PBXBuildFile; fileRef = 03EC8DAF2C4E32D700FDB736 /* Interactor.swift */; };
		03EC8DB22C4E479100FDB736 /* CitiesViewController.swift in Sources */ = {isa = PBXBuildFile; fileRef = 03EC8DB12C4E479100FDB736 /* CitiesViewController.swift */; };
		03EC8DB42C4E4B8300FDB736 /* CityDetailsViewController.swift in Sources */ = {isa = PBXBuildFile; fileRef = 03EC8DB32C4E4B8300FDB736 /* CityDetailsViewController.swift */; };
		03EC8DB62C4E4D1600FDB736 /* Delegation.swift in Sources */ = {isa = PBXBuildFile; fileRef = 03EC8DB52C4E4D1600FDB736 /* Delegation.swift */; };
/* End PBXBuildFile section */

/* Begin PBXFileReference section */
		03EC8D782C4E00EF00FDB736 /* WeatherAppUIKit.app */ = {isa = PBXFileReference; explicitFileType = wrapper.application; includeInIndex = 0; path = WeatherAppUIKit.app; sourceTree = BUILT_PRODUCTS_DIR; };
		03EC8D7B2C4E00EF00FDB736 /* AppDelegate.swift */ = {isa = PBXFileReference; lastKnownFileType = sourcecode.swift; path = AppDelegate.swift; sourceTree = "<group>"; };
		03EC8D7D2C4E00EF00FDB736 /* SceneDelegate.swift */ = {isa = PBXFileReference; lastKnownFileType = sourcecode.swift; path = SceneDelegate.swift; sourceTree = "<group>"; };
		03EC8D7F2C4E00EF00FDB736 /* SplashScreenViewController.swift */ = {isa = PBXFileReference; lastKnownFileType = sourcecode.swift; path = SplashScreenViewController.swift; sourceTree = "<group>"; };
		03EC8D822C4E00EF00FDB736 /* Base */ = {isa = PBXFileReference; lastKnownFileType = file.storyboard; name = Base; path = Base.lproj/Main.storyboard; sourceTree = "<group>"; };
		03EC8D842C4E00F100FDB736 /* Assets.xcassets */ = {isa = PBXFileReference; lastKnownFileType = folder.assetcatalog; path = Assets.xcassets; sourceTree = "<group>"; };
		03EC8D872C4E00F200FDB736 /* Base */ = {isa = PBXFileReference; lastKnownFileType = file.storyboard; name = Base; path = Base.lproj/LaunchScreen.storyboard; sourceTree = "<group>"; };
		03EC8D892C4E00F200FDB736 /* Info.plist */ = {isa = PBXFileReference; lastKnownFileType = text.plist.xml; path = Info.plist; sourceTree = "<group>"; };
		03EC8D952C4E085100FDB736 /* SplashScreenProtocols.swift */ = {isa = PBXFileReference; lastKnownFileType = sourcecode.swift; path = SplashScreenProtocols.swift; sourceTree = "<group>"; };
		03EC8D972C4E0A2D00FDB736 /* SplashScreenPresenter.swift */ = {isa = PBXFileReference; lastKnownFileType = sourcecode.swift; path = SplashScreenPresenter.swift; sourceTree = "<group>"; };
		03EC8D9D2C4E0EDD00FDB736 /* Router.swift */ = {isa = PBXFileReference; lastKnownFileType = sourcecode.swift; path = Router.swift; sourceTree = "<group>"; };
		03EC8D9F2C4E1C0800FDB736 /* CitiesWeatherModel.swift */ = {isa = PBXFileReference; lastKnownFileType = sourcecode.swift; path = CitiesWeatherModel.swift; sourceTree = "<group>"; };
		03EC8DA12C4E1EE700FDB736 /* CityWeatherTableViewCell.swift */ = {isa = PBXFileReference; lastKnownFileType = sourcecode.swift; path = CityWeatherTableViewCell.swift; sourceTree = "<group>"; };
		03EC8DA22C4E1EE700FDB736 /* CityWeatherTableViewCell.xib */ = {isa = PBXFileReference; lastKnownFileType = file.xib; path = CityWeatherTableViewCell.xib; sourceTree = "<group>"; };
		03EC8DA92C4E245000FDB736 /* NetworkService.swift */ = {isa = PBXFileReference; lastKnownFileType = sourcecode.swift; path = NetworkService.swift; sourceTree = "<group>"; };
		03EC8DAB2C4E2CA600FDB736 /* CitiesScreenProtocols.swift */ = {isa = PBXFileReference; lastKnownFileType = sourcecode.swift; path = CitiesScreenProtocols.swift; sourceTree = "<group>"; };
		03EC8DAD2C4E31AA00FDB736 /* Presenter.swift */ = {isa = PBXFileReference; lastKnownFileType = sourcecode.swift; path = Presenter.swift; sourceTree = "<group>"; };
		03EC8DAF2C4E32D700FDB736 /* Interactor.swift */ = {isa = PBXFileReference; lastKnownFileType = sourcecode.swift; path = Interactor.swift; sourceTree = "<group>"; };
		03EC8DB12C4E479100FDB736 /* CitiesViewController.swift */ = {isa = PBXFileReference; lastKnownFileType = sourcecode.swift; path = CitiesViewController.swift; sourceTree = "<group>"; };
		03EC8DB32C4E4B8300FDB736 /* CityDetailsViewController.swift */ = {isa = PBXFileReference; lastKnownFileType = sourcecode.swift; path = CityDetailsViewController.swift; sourceTree = "<group>"; };
		03EC8DB52C4E4D1600FDB736 /* Delegation.swift */ = {isa = PBXFileReference; lastKnownFileType = sourcecode.swift; path = Delegation.swift; sourceTree = "<group>"; };
/* End PBXFileReference section */

/* Begin PBXFrameworksBuildPhase section */
		03EC8D752C4E00EE00FDB736 /* Frameworks */ = {
			isa = PBXFrameworksBuildPhase;
			buildActionMask = 2147483647;
			files = (
			);
			runOnlyForDeploymentPostprocessing = 0;
		};
/* End PBXFrameworksBuildPhase section */

/* Begin PBXGroup section */
		03EC8D6F2C4E00EE00FDB736 = {
			isa = PBXGroup;
			children = (
				03EC8D7A2C4E00EF00FDB736 /* WeatherAppUIKit */,
				03EC8D792C4E00EF00FDB736 /* Products */,
			);
			sourceTree = "<group>";
		};
		03EC8D792C4E00EF00FDB736 /* Products */ = {
			isa = PBXGroup;
			children = (
				03EC8D782C4E00EF00FDB736 /* WeatherAppUIKit.app */,
			);
			name = Products;
			sourceTree = "<group>";
		};
		03EC8D7A2C4E00EF00FDB736 /* WeatherAppUIKit */ = {
			isa = PBXGroup;
			children = (
				03EC8DA72C4E242F00FDB736 /* Services */,
				03EC8D942C4E07E000FDB736 /* Contract */,
				03EC8D932C4E044100FDB736 /* Router */,
				03EC8D922C4E01CF00FDB736 /* Entity */,
				03EC8D912C4E01BD00FDB736 /* Presenter */,
				03EC8D902C4E018D00FDB736 /* Interactor */,
				03EC8D8F2C4E015800FDB736 /* View */,
				03EC8D7B2C4E00EF00FDB736 /* AppDelegate.swift */,
				03EC8D7D2C4E00EF00FDB736 /* SceneDelegate.swift */,
				03EC8D812C4E00EF00FDB736 /* Main.storyboard */,
				03EC8D842C4E00F100FDB736 /* Assets.xcassets */,
				03EC8D862C4E00F200FDB736 /* LaunchScreen.storyboard */,
				03EC8D892C4E00F200FDB736 /* Info.plist */,
			);
			path = WeatherAppUIKit;
			sourceTree = "<group>";
		};
		03EC8D8F2C4E015800FDB736 /* View */ = {
			isa = PBXGroup;
			children = (
				03EC8D7F2C4E00EF00FDB736 /* SplashScreenViewController.swift */,
				03EC8DA12C4E1EE700FDB736 /* CityWeatherTableViewCell.swift */,
				03EC8DA22C4E1EE700FDB736 /* CityWeatherTableViewCell.xib */,
				03EC8DB12C4E479100FDB736 /* CitiesViewController.swift */,
				03EC8DB32C4E4B8300FDB736 /* CityDetailsViewController.swift */,
			);
			path = View;
			sourceTree = "<group>";
		};
		03EC8D902C4E018D00FDB736 /* Interactor */ = {
			isa = PBXGroup;
			children = (
				03EC8DAF2C4E32D700FDB736 /* Interactor.swift */,
			);
			path = Interactor;
			sourceTree = "<group>";
		};
		03EC8D912C4E01BD00FDB736 /* Presenter */ = {
			isa = PBXGroup;
			children = (
				03EC8D972C4E0A2D00FDB736 /* SplashScreenPresenter.swift */,
				03EC8DAD2C4E31AA00FDB736 /* Presenter.swift */,
			);
			path = Presenter;
			sourceTree = "<group>";
		};
		03EC8D922C4E01CF00FDB736 /* Entity */ = {
			isa = PBXGroup;
			children = (
				03EC8D9F2C4E1C0800FDB736 /* CitiesWeatherModel.swift */,
			);
			path = Entity;
			sourceTree = "<group>";
		};
		03EC8D932C4E044100FDB736 /* Router */ = {
			isa = PBXGroup;
			children = (
				03EC8D9D2C4E0EDD00FDB736 /* Router.swift */,
			);
			path = Router;
			sourceTree = "<group>";
		};
		03EC8D942C4E07E000FDB736 /* Contract */ = {
			isa = PBXGroup;
			children = (
				03EC8D952C4E085100FDB736 /* SplashScreenProtocols.swift */,
				03EC8DAB2C4E2CA600FDB736 /* CitiesScreenProtocols.swift */,
				03EC8DB52C4E4D1600FDB736 /* Delegation.swift */,
			);
			path = Contract;
			sourceTree = "<group>";
		};
		03EC8DA72C4E242F00FDB736 /* Services */ = {
			isa = PBXGroup;
			children = (
				03EC8DA82C4E244000FDB736 /* Network */,
			);
			path = Services;
			sourceTree = "<group>";
		};
		03EC8DA82C4E244000FDB736 /* Network */ = {
			isa = PBXGroup;
			children = (
				03EC8DA92C4E245000FDB736 /* NetworkService.swift */,
			);
			path = Network;
			sourceTree = "<group>";
		};
/* End PBXGroup section */

/* Begin PBXNativeTarget section */
		03EC8D772C4E00EE00FDB736 /* WeatherAppUIKit */ = {
			isa = PBXNativeTarget;
			buildConfigurationList = 03EC8D8C2C4E00F200FDB736 /* Build configuration list for PBXNativeTarget "WeatherAppUIKit" */;
			buildPhases = (
				03EC8D742C4E00EE00FDB736 /* Sources */,
				03EC8D752C4E00EE00FDB736 /* Frameworks */,
				03EC8D762C4E00EE00FDB736 /* Resources */,
			);
			buildRules = (
			);
			dependencies = (
			);
			name = WeatherAppUIKit;
			productName = WeatherAppUIKit;
			productReference = 03EC8D782C4E00EF00FDB736 /* WeatherAppUIKit.app */;
			productType = "com.apple.product-type.application";
		};
/* End PBXNativeTarget section */

/* Begin PBXProject section */
		03EC8D702C4E00EE00FDB736 /* Project object */ = {
			isa = PBXProject;
			attributes = {
				BuildIndependentTargetsInParallel = 1;
				LastSwiftUpdateCheck = 1420;
				LastUpgradeCheck = 1420;
				TargetAttributes = {
					03EC8D772C4E00EE00FDB736 = {
						CreatedOnToolsVersion = 14.2;
					};
				};
			};
			buildConfigurationList = 03EC8D732C4E00EE00FDB736 /* Build configuration list for PBXProject "WeatherAppUIKit" */;
			compatibilityVersion = "Xcode 14.0";
			developmentRegion = en;
			hasScannedForEncodings = 0;
			knownRegions = (
				en,
				Base,
			);
			mainGroup = 03EC8D6F2C4E00EE00FDB736;
			productRefGroup = 03EC8D792C4E00EF00FDB736 /* Products */;
			projectDirPath = "";
			projectRoot = "";
			targets = (
				03EC8D772C4E00EE00FDB736 /* WeatherAppUIKit */,
			);
		};
/* End PBXProject section */

/* Begin PBXResourcesBuildPhase section */
		03EC8D762C4E00EE00FDB736 /* Resources */ = {
			isa = PBXResourcesBuildPhase;
			buildActionMask = 2147483647;
			files = (
				03EC8D882C4E00F200FDB736 /* LaunchScreen.storyboard in Resources */,
				03EC8DA42C4E1EE700FDB736 /* CityWeatherTableViewCell.xib in Resources */,
				03EC8D852C4E00F100FDB736 /* Assets.xcassets in Resources */,
				03EC8D832C4E00EF00FDB736 /* Main.storyboard in Resources */,
			);
			runOnlyForDeploymentPostprocessing = 0;
		};
/* End PBXResourcesBuildPhase section */

/* Begin PBXSourcesBuildPhase section */
		03EC8D742C4E00EE00FDB736 /* Sources */ = {
			isa = PBXSourcesBuildPhase;
			buildActionMask = 2147483647;
			files = (
				03EC8DAA2C4E245000FDB736 /* NetworkService.swift in Sources */,
				03EC8DA02C4E1C0800FDB736 /* CitiesWeatherModel.swift in Sources */,
				03EC8D982C4E0A2D00FDB736 /* SplashScreenPresenter.swift in Sources */,
				03EC8DAC2C4E2CA600FDB736 /* CitiesScreenProtocols.swift in Sources */,
				03EC8DA32C4E1EE700FDB736 /* CityWeatherTableViewCell.swift in Sources */,
				03EC8DB22C4E479100FDB736 /* CitiesViewController.swift in Sources */,
				03EC8DB62C4E4D1600FDB736 /* Delegation.swift in Sources */,
				03EC8D802C4E00EF00FDB736 /* SplashScreenViewController.swift in Sources */,
				03EC8D7C2C4E00EF00FDB736 /* AppDelegate.swift in Sources */,
				03EC8D962C4E085100FDB736 /* SplashScreenProtocols.swift in Sources */,
				03EC8D7E2C4E00EF00FDB736 /* SceneDelegate.swift in Sources */,
				03EC8DAE2C4E31AA00FDB736 /* Presenter.swift in Sources */,
				03EC8DB42C4E4B8300FDB736 /* CityDetailsViewController.swift in Sources */,
				03EC8DB02C4E32D700FDB736 /* Interactor.swift in Sources */,
				03EC8D9E2C4E0EDD00FDB736 /* Router.swift in Sources */,
			);
			runOnlyForDeploymentPostprocessing = 0;
		};
/* End PBXSourcesBuildPhase section */

/* Begin PBXVariantGroup section */
		03EC8D812C4E00EF00FDB736 /* Main.storyboard */ = {
			isa = PBXVariantGroup;
			children = (
				03EC8D822C4E00EF00FDB736 /* Base */,
			);
			name = Main.storyboard;
			sourceTree = "<group>";
		};
		03EC8D862C4E00F200FDB736 /* LaunchScreen.storyboard */ = {
			isa = PBXVariantGroup;
			children = (
				03EC8D872C4E00F200FDB736 /* Base */,
			);
			name = LaunchScreen.storyboard;
			sourceTree = "<group>";
		};
/* End PBXVariantGroup section */

/* Begin XCBuildConfiguration section */
		03EC8D8A2C4E00F200FDB736 /* Debug */ = {
			isa = XCBuildConfiguration;
			buildSettings = {
				ALWAYS_SEARCH_USER_PATHS = NO;
				CLANG_ANALYZER_NONNULL = YES;
				CLANG_ANALYZER_NUMBER_OBJECT_CONVERSION = YES_AGGRESSIVE;
				CLANG_CXX_LANGUAGE_STANDARD = "gnu++20";
				CLANG_ENABLE_MODULES = YES;
				CLANG_ENABLE_OBJC_ARC = YES;
				CLANG_ENABLE_OBJC_WEAK = YES;
				CLANG_WARN_BLOCK_CAPTURE_AUTORELEASING = YES;
				CLANG_WARN_BOOL_CONVERSION = YES;
				CLANG_WARN_COMMA = YES;
				CLANG_WARN_CONSTANT_CONVERSION = YES;
				CLANG_WARN_DEPRECATED_OBJC_IMPLEMENTATIONS = YES;
				CLANG_WARN_DIRECT_OBJC_ISA_USAGE = YES_ERROR;
				CLANG_WARN_DOCUMENTATION_COMMENTS = YES;
				CLANG_WARN_EMPTY_BODY = YES;
				CLANG_WARN_ENUM_CONVERSION = YES;
				CLANG_WARN_INFINITE_RECURSION = YES;
				CLANG_WARN_INT_CONVERSION = YES;
				CLANG_WARN_NON_LITERAL_NULL_CONVERSION = YES;
				CLANG_WARN_OBJC_IMPLICIT_RETAIN_SELF = YES;
				CLANG_WARN_OBJC_LITERAL_CONVERSION = YES;
				CLANG_WARN_OBJC_ROOT_CLASS = YES_ERROR;
				CLANG_WARN_QUOTED_INCLUDE_IN_FRAMEWORK_HEADER = YES;
				CLANG_WARN_RANGE_LOOP_ANALYSIS = YES;
				CLANG_WARN_STRICT_PROTOTYPES = YES;
				CLANG_WARN_SUSPICIOUS_MOVE = YES;
				CLANG_WARN_UNGUARDED_AVAILABILITY = YES_AGGRESSIVE;
				CLANG_WARN_UNREACHABLE_CODE = YES;
				CLANG_WARN__DUPLICATE_METHOD_MATCH = YES;
				COPY_PHASE_STRIP = NO;
				DEBUG_INFORMATION_FORMAT = dwarf;
				ENABLE_STRICT_OBJC_MSGSEND = YES;
				ENABLE_TESTABILITY = YES;
				GCC_C_LANGUAGE_STANDARD = gnu11;
				GCC_DYNAMIC_NO_PIC = NO;
				GCC_NO_COMMON_BLOCKS = YES;
				GCC_OPTIMIZATION_LEVEL = 0;
				GCC_PREPROCESSOR_DEFINITIONS = (
					"DEBUG=1",
					"$(inherited)",
				);
				GCC_WARN_64_TO_32_BIT_CONVERSION = YES;
				GCC_WARN_ABOUT_RETURN_TYPE = YES_ERROR;
				GCC_WARN_UNDECLARED_SELECTOR = YES;
				GCC_WARN_UNINITIALIZED_AUTOS = YES_AGGRESSIVE;
				GCC_WARN_UNUSED_FUNCTION = YES;
				GCC_WARN_UNUSED_VARIABLE = YES;
				IPHONEOS_DEPLOYMENT_TARGET = 16.2;
				MTL_ENABLE_DEBUG_INFO = INCLUDE_SOURCE;
				MTL_FAST_MATH = YES;
				ONLY_ACTIVE_ARCH = YES;
				SDKROOT = iphoneos;
				SWIFT_ACTIVE_COMPILATION_CONDITIONS = DEBUG;
				SWIFT_OPTIMIZATION_LEVEL = "-Onone";
			};
			name = Debug;
		};
		03EC8D8B2C4E00F200FDB736 /* Release */ = {
			isa = XCBuildConfiguration;
			buildSettings = {
				ALWAYS_SEARCH_USER_PATHS = NO;
				CLANG_ANALYZER_NONNULL = YES;
				CLANG_ANALYZER_NUMBER_OBJECT_CONVERSION = YES_AGGRESSIVE;
				CLANG_CXX_LANGUAGE_STANDARD = "gnu++20";
				CLANG_ENABLE_MODULES = YES;
				CLANG_ENABLE_OBJC_ARC = YES;
				CLANG_ENABLE_OBJC_WEAK = YES;
				CLANG_WARN_BLOCK_CAPTURE_AUTORELEASING = YES;
				CLANG_WARN_BOOL_CONVERSION = YES;
				CLANG_WARN_COMMA = YES;
				CLANG_WARN_CONSTANT_CONVERSION = YES;
				CLANG_WARN_DEPRECATED_OBJC_IMPLEMENTATIONS = YES;
				CLANG_WARN_DIRECT_OBJC_ISA_USAGE = YES_ERROR;
				CLANG_WARN_DOCUMENTATION_COMMENTS = YES;
				CLANG_WARN_EMPTY_BODY = YES;
				CLANG_WARN_ENUM_CONVERSION = YES;
				CLANG_WARN_INFINITE_RECURSION = YES;
				CLANG_WARN_INT_CONVERSION = YES;
				CLANG_WARN_NON_LITERAL_NULL_CONVERSION = YES;
				CLANG_WARN_OBJC_IMPLICIT_RETAIN_SELF = YES;
				CLANG_WARN_OBJC_LITERAL_CONVERSION = YES;
				CLANG_WARN_OBJC_ROOT_CLASS = YES_ERROR;
				CLANG_WARN_QUOTED_INCLUDE_IN_FRAMEWORK_HEADER = YES;
				CLANG_WARN_RANGE_LOOP_ANALYSIS = YES;
				CLANG_WARN_STRICT_PROTOTYPES = YES;
				CLANG_WARN_SUSPICIOUS_MOVE = YES;
				CLANG_WARN_UNGUARDED_AVAILABILITY = YES_AGGRESSIVE;
				CLANG_WARN_UNREACHABLE_CODE = YES;
				CLANG_WARN__DUPLICATE_METHOD_MATCH = YES;
				COPY_PHASE_STRIP = NO;
				DEBUG_INFORMATION_FORMAT = "dwarf-with-dsym";
				ENABLE_NS_ASSERTIONS = NO;
				ENABLE_STRICT_OBJC_MSGSEND = YES;
				GCC_C_LANGUAGE_STANDARD = gnu11;
				GCC_NO_COMMON_BLOCKS = YES;
				GCC_WARN_64_TO_32_BIT_CONVERSION = YES;
				GCC_WARN_ABOUT_RETURN_TYPE = YES_ERROR;
				GCC_WARN_UNDECLARED_SELECTOR = YES;
				GCC_WARN_UNINITIALIZED_AUTOS = YES_AGGRESSIVE;
				GCC_WARN_UNUSED_FUNCTION = YES;
				GCC_WARN_UNUSED_VARIABLE = YES;
				IPHONEOS_DEPLOYMENT_TARGET = 16.2;
				MTL_ENABLE_DEBUG_INFO = NO;
				MTL_FAST_MATH = YES;
				SDKROOT = iphoneos;
				SWIFT_COMPILATION_MODE = wholemodule;
				SWIFT_OPTIMIZATION_LEVEL = "-O";
				VALIDATE_PRODUCT = YES;
			};
			name = Release;
		};
		03EC8D8D2C4E00F200FDB736 /* Debug */ = {
			isa = XCBuildConfiguration;
			buildSettings = {
				ASSETCATALOG_COMPILER_APPICON_NAME = AppIcon;
				ASSETCATALOG_COMPILER_GLOBAL_ACCENT_COLOR_NAME = AccentColor;
				CODE_SIGN_STYLE = Automatic;
				CURRENT_PROJECT_VERSION = 1;
				GENERATE_INFOPLIST_FILE = YES;
				INFOPLIST_FILE = WeatherAppUIKit/Info.plist;
				INFOPLIST_KEY_UIApplicationSupportsIndirectInputEvents = YES;
				INFOPLIST_KEY_UILaunchStoryboardName = LaunchScreen;
				INFOPLIST_KEY_UIMainStoryboardFile = Main;
				INFOPLIST_KEY_UISupportedInterfaceOrientations_iPad = "UIInterfaceOrientationPortrait UIInterfaceOrientationPortraitUpsideDown UIInterfaceOrientationLandscapeLeft UIInterfaceOrientationLandscapeRight";
				INFOPLIST_KEY_UISupportedInterfaceOrientations_iPhone = "UIInterfaceOrientationPortrait UIInterfaceOrientationLandscapeLeft UIInterfaceOrientationLandscapeRight";
				LD_RUNPATH_SEARCH_PATHS = (
					"$(inherited)",
					"@executable_path/Frameworks",
				);
				MARKETING_VERSION = 1.0;
				PRODUCT_BUNDLE_IDENTIFIER = aya.WeatherAppUIKit;
				PRODUCT_NAME = "$(TARGET_NAME)";
				SWIFT_EMIT_LOC_STRINGS = YES;
				SWIFT_VERSION = 5.0;
				TARGETED_DEVICE_FAMILY = "1,2";
			};
			name = Debug;
		};
		03EC8D8E2C4E00F200FDB736 /* Release */ = {
			isa = XCBuildConfiguration;
			buildSettings = {
				ASSETCATALOG_COMPILER_APPICON_NAME = AppIcon;
				ASSETCATALOG_COMPILER_GLOBAL_ACCENT_COLOR_NAME = AccentColor;
				CODE_SIGN_STYLE = Automatic;
				CURRENT_PROJECT_VERSION = 1;
				GENERATE_INFOPLIST_FILE = YES;
				INFOPLIST_FILE = WeatherAppUIKit/Info.plist;
				INFOPLIST_KEY_UIApplicationSupportsIndirectInputEvents = YES;
				INFOPLIST_KEY_UILaunchStoryboardName = LaunchScreen;
				INFOPLIST_KEY_UIMainStoryboardFile = Main;
				INFOPLIST_KEY_UISupportedInterfaceOrientations_iPad = "UIInterfaceOrientationPortrait UIInterfaceOrientationPortraitUpsideDown UIInterfaceOrientationLandscapeLeft UIInterfaceOrientationLandscapeRight";
				INFOPLIST_KEY_UISupportedInterfaceOrientations_iPhone = "UIInterfaceOrientationPortrait UIInterfaceOrientationLandscapeLeft UIInterfaceOrientationLandscapeRight";
				LD_RUNPATH_SEARCH_PATHS = (
					"$(inherited)",
					"@executable_path/Frameworks",
				);
				MARKETING_VERSION = 1.0;
				PRODUCT_BUNDLE_IDENTIFIER = aya.WeatherAppUIKit;
				PRODUCT_NAME = "$(TARGET_NAME)";
				SWIFT_EMIT_LOC_STRINGS = YES;
				SWIFT_VERSION = 5.0;
				TARGETED_DEVICE_FAMILY = "1,2";
			};
			name = Release;
		};
/* End XCBuildConfiguration section */

/* Begin XCConfigurationList section */
		03EC8D732C4E00EE00FDB736 /* Build configuration list for PBXProject "WeatherAppUIKit" */ = {
			isa = XCConfigurationList;
			buildConfigurations = (
				03EC8D8A2C4E00F200FDB736 /* Debug */,
				03EC8D8B2C4E00F200FDB736 /* Release */,
			);
			defaultConfigurationIsVisible = 0;
			defaultConfigurationName = Release;
		};
		03EC8D8C2C4E00F200FDB736 /* Build configuration list for PBXNativeTarget "WeatherAppUIKit" */ = {
			isa = XCConfigurationList;
			buildConfigurations = (
				03EC8D8D2C4E00F200FDB736 /* Debug */,
				03EC8D8E2C4E00F200FDB736 /* Release */,
			);
			defaultConfigurationIsVisible = 0;
			defaultConfigurationName = Release;
		};
/* End XCConfigurationList section */
	};
	rootObject = 03EC8D702C4E00EE00FDB736 /* Project object */;
}
